
Microsoft Visual Studio Solution File, Format Version 12.00
# Visual Studio Version 17
VisualStudioVersion = 17.14.36202.13 d17.14
MinimumVisualStudioVersion = 10.0.40219.1
Project("{FAE04EC0-301F-11D3-BF4B-00C04F79EFBC}") = "Ejecucion", "Ejecucion\Ejecucion.csproj", "{03D68EC8-1029-49E2-BA6A-7AEF61BDA5C5}"
EndProject
Global
	GlobalSection(SolutionConfigurationPlatforms) = preSolution
		Debug|Any CPU = Debug|Any CPU
		Release|Any CPU = Release|Any CPU
	EndGlobalSection
	GlobalSection(ProjectConfigurationPlatforms) = postSolution
		{03D68EC8-1029-49E2-BA6A-7AEF61BDA5C5}.Debug|Any CPU.ActiveCfg = Debug|Any CPU
		{03D68EC8-1029-49E2-BA6A-7AEF61BDA5C5}.Debug|Any CPU.Build.0 = Debug|Any CPU
		{03D68EC8-1029-49E2-BA6A-7AEF61BDA5C5}.Release|Any CPU.ActiveCfg = Release|Any CPU
		{03D68EC8-1029-49E2-BA6A-7AEF61BDA5C5}.Release|Any CPU.Build.0 = Release|Any CPU
	EndGlobalSection
	GlobalSection(SolutionProperties) = preSolution
		HideSolutionNode = FALSE
	EndGlobalSection
	GlobalSection(ExtensibilityGlobals) = postSolution
		SolutionGuid = {377CBFBE-9C3F-4576-92D9-A48E4760380A}
	EndGlobalSection
EndGlobal
